
Microsoft Visual Studio Solution File, Format Version 12.00
# Visual Studio Version 17
VisualStudioVersion = 17.10.35201.131
MinimumVisualStudioVersion = 10.0.40219.1
Project("{FAE04EC0-301F-11D3-BF4B-00C04F79EFBC}") = "ReportesConDapper", "ReportesConDapper.csproj", "{A5E3942F-6924-4D07-9F0E-F31F514F9DE2}"
EndProject
Global
	GlobalSection(SolutionConfigurationPlatforms) = preSolution
		Debug|Any CPU = Debug|Any CPU
		Release|Any CPU = Release|Any CPU
	EndGlobalSection
	GlobalSection(ProjectConfigurationPlatforms) = postSolution
		{A5E3942F-6924-4D07-9F0E-F31F514F9DE2}.Debug|Any CPU.ActiveCfg = Debug|Any CPU
		{A5E3942F-6924-4D07-9F0E-F31F514F9DE2}.Debug|Any CPU.Build.0 = Debug|Any CPU
		{A5E3942F-6924-4D07-9F0E-F31F514F9DE2}.Release|Any CPU.ActiveCfg = Release|Any CPU
		{A5E3942F-6924-4D07-9F0E-F31F514F9DE2}.Release|Any CPU.Build.0 = Release|Any CPU
	EndGlobalSection
	GlobalSection(SolutionProperties) = preSolution
		HideSolutionNode = FALSE
	EndGlobalSection
	GlobalSection(ExtensibilityGlobals) = postSolution
		SolutionGuid = {F7A8A213-3F63-4E25-9736-7CE206C152D6}
	EndGlobalSection
EndGlobal
